<?xml version="1.0" encoding="utf-8"?>
<Project ToolsVersion="4.0" xmlns="http://schemas.microsoft.com/developer/msbuild/2003">
  <ItemGroup>
    <Filter Include="资源文件">
      <UniqueIdentifier>{67DA6AB6-F800-4c08-8B7A-83BB121AAD01}</UniqueIdentifier>
      <Extensions>rc;ico;cur;bmp;dlg;rc2;rct;bin;rgs;gif;jpg;jpeg;jpe;resx;tiff;tif;png;wav;mfcribbon-ms</Extensions>
    </Filter>
    <Filter Include="源代码">
      <UniqueIdentifier>{70a38522-b6c4-4324-8f85-49bfa47b6cbc}</UniqueIdentifier>
    </Filter>
    <Filter Include="源代码\Blocks">
      <UniqueIdentifier>{561b0d98-d64f-4b21-8c64-bb6506a9976c}</UniqueIdentifier>
    </Filter>
    <Filter Include="源代码\Scenes">
      <UniqueIdentifier>{c8059d3c-0874-4a79-bc21-0d762acd942f}</UniqueIdentifier>
    </Filter>
    <Filter Include="源代码\Scenes\Levels">
      <UniqueIdentifier>{90d29700-3356-49f5-bb11-916d61bf81e5}</UniqueIdentifier>
    </Filter>
    <Filter Include="源代码\Textures">
      <UniqueIdentifier>{8f68d900-2c9d-4054-a077-b750be3ca6e3}</UniqueIdentifier>
    </Filter>
    <Filter Include="源代码\Window">
      <UniqueIdentifier>{30b51828-b55a-4216-bd3f-abd929fa0d77}</UniqueIdentifier>
    </Filter>
  </ItemGroup>
  <ItemGroup>
    <ClCompile Include="Window\Window.cpp">
      <Filter>源代码\Window</Filter>
    </ClCompile>
    <ClCompile Include="Scenes\TitleScene.cpp">
      <Filter>源代码\Scenes</Filter>
    </ClCompile>
    <ClCompile Include="Textures\Textures.cpp">
      <Filter>源代码\Textures</Filter>
    </ClCompile>
    <ClCompile Include="Scenes\Level.cpp">
      <Filter>源代码\Scenes\Levels</Filter>
    </ClCompile>
    <ClCompile Include="Scenes\GameScene.cpp">
      <Filter>源代码\Scenes</Filter>
    </ClCompile>
    <ClCompile Include="HackerMissions.cpp">
      <Filter>源代码</Filter>
    </ClCompile>
    <ClCompile Include="Blocks\Block.cpp">
      <Filter>源代码\Blocks</Filter>
    </ClCompile>
  </ItemGroup>
  <ItemGroup>
    <ClInclude Include="Window\Window.h">
      <Filter>源代码\Window</Filter>
    </ClInclude>
    <ClInclude Include="Scenes\TitleScene.h">
      <Filter>源代码\Scenes</Filter>
    </ClInclude>
    <ClInclude Include="Scenes\BasicScene.h">
      <Filter>源代码\Scenes</Filter>
    </ClInclude>
    <ClInclude Include="Textures\Textures.h">
      <Filter>源代码\Textures</Filter>
    </ClInclude>
    <ClInclude Include="Scenes\Level.h">
      <Filter>源代码\Scenes\Levels</Filter>
    </ClInclude>
    <ClInclude Include="Scenes\GameScene.h">
      <Filter>源代码\Scenes</Filter>
    </ClInclude>
    <ClInclude Include="Blocks\Blocks.h">
      <Filter>源代码\Blocks</Filter>
    </ClInclude>
    <ClInclude Include="BasicInclude.h">
      <Filter>源代码</Filter>
    </ClInclude>
  </ItemGroup>
</Project>