<?xml version="1.0" encoding="utf-8"?>
<Project ToolsVersion="4.0" xmlns="http://schemas.microsoft.com/developer/msbuild/2003">
  <ItemGroup>
    <Filter Include="资源文件">
      <UniqueIdentifier>{67DA6AB6-F800-4c08-8B7A-83BB121AAD01}</UniqueIdentifier>
      <Extensions>rc;ico;cur;bmp;dlg;rc2;rct;bin;rgs;gif;jpg;jpeg;jpe;resx;tiff;tif;png;wav;mfcribbon-ms</Extensions>
    </Filter>
    <Filter Include="源代码">
      <UniqueIdentifier>{70a38522-b6c4-4324-8f85-49bfa47b6cbc}</UniqueIdentifier>
    </Filter>
    <Filter Include="源代码\Blocks">
      <UniqueIdentifier>{561b0d98-d64f-4b21-8c64-bb6506a9976c}</UniqueIdentifier>
    </Filter>
    <Filter Include="源代码\Scenes">
      <UniqueIdentifier>{c8059d3c-0874-4a79-bc21-0d762acd942f}</UniqueIdentifier>
    </Filter>
    <Filter Include="源代码\Scenes\Levels">
      <UniqueIdentifier>{90d29700-3356-49f5-bb11-916d61bf81e5}</UniqueIdentifier>
    </Filter>
    <Filter Include="源代码\Textures">
      <UniqueIdentifier>{8f68d900-2c9d-4054-a077-b750be3ca6e3}</UniqueIdentifier>
    </Filter>
    <Filter Include="源代码\Window">
      <UniqueIdentifier>{30b51828-b55a-4216-bd3f-abd929fa0d77}</UniqueIdentifier>
    </Filter>
    <Filter Include="源代码\Renderer">
      <UniqueIdentifier>{08827eee-a4d6-4c3e-a999-510ebcba24a2}</UniqueIdentifier>
    </Filter>
    <Filter Include="源代码\Renderer\TextRenderer">
      <UniqueIdentifier>{83d895ae-4655-454f-8456-4677e2728832}</UniqueIdentifier>
    </Filter>
    <Filter Include="资源文件\Textures">
      <UniqueIdentifier>{ea193ba7-84c8-4415-bb59-f2e54d64ef69}</UniqueIdentifier>
    </Filter>
    <Filter Include="资源文件\Textures\GUI">
      <UniqueIdentifier>{8242ec08-966c-4405-aa76-e4ef6cee9911}</UniqueIdentifier>
    </Filter>
    <Filter Include="资源文件\Textures\Fonts">
      <UniqueIdentifier>{fd9300ec-40d6-4dc9-8f37-07115db0553d}</UniqueIdentifier>
    </Filter>
    <Filter Include="资源文件\Textures\Fonts\Unicode">
      <UniqueIdentifier>{aea23c50-1d0c-4974-9bee-632cdb55a78e}</UniqueIdentifier>
    </Filter>
    <Filter Include="资源文件\Textures\Blocks">
      <UniqueIdentifier>{6fdc9c76-e530-4e7a-a3df-9fce8bbc08fa}</UniqueIdentifier>
    </Filter>
    <Filter Include="源代码\Renderer\TextRenderer\MessageBox">
      <UniqueIdentifier>{72c024cd-2d1c-4815-ac4d-facf00b89c31}</UniqueIdentifier>
    </Filter>
    <Filter Include="源代码\Player">
      <UniqueIdentifier>{240e4488-6565-498d-beb0-e6ea20d111c4}</UniqueIdentifier>
    </Filter>
  </ItemGroup>
  <ItemGroup>
    <ClCompile Include="Window\Window.cpp">
      <Filter>源代码\Window</Filter>
    </ClCompile>
    <ClCompile Include="Scenes\TitleScene.cpp">
      <Filter>源代码\Scenes</Filter>
    </ClCompile>
    <ClCompile Include="Textures\Textures.cpp">
      <Filter>源代码\Textures</Filter>
    </ClCompile>
    <ClCompile Include="Scenes\Level.cpp">
      <Filter>源代码\Scenes\Levels</Filter>
    </ClCompile>
    <ClCompile Include="Scenes\GameScene.cpp">
      <Filter>源代码\Scenes</Filter>
    </ClCompile>
    <ClCompile Include="HackerMissions.cpp">
      <Filter>源代码</Filter>
    </ClCompile>
    <ClCompile Include="Blocks\Block.cpp">
      <Filter>源代码\Blocks</Filter>
    </ClCompile>
    <ClCompile Include="TextRenderer\TextRenderer.cpp">
      <Filter>源代码\Renderer\TextRenderer</Filter>
    </ClCompile>
    <ClCompile Include="TextRenderer\MessageBox.cpp">
      <Filter>源代码\Renderer\TextRenderer\MessageBox</Filter>
    </ClCompile>
    <ClCompile Include="Player\Player.cpp">
      <Filter>源代码\Player</Filter>
    </ClCompile>
  </ItemGroup>
  <ItemGroup>
    <ClInclude Include="Window\Window.h">
      <Filter>源代码\Window</Filter>
    </ClInclude>
    <ClInclude Include="Scenes\TitleScene.h">
      <Filter>源代码\Scenes</Filter>
    </ClInclude>
    <ClInclude Include="Scenes\BasicScene.h">
      <Filter>源代码\Scenes</Filter>
    </ClInclude>
    <ClInclude Include="Textures\Textures.h">
      <Filter>源代码\Textures</Filter>
    </ClInclude>
    <ClInclude Include="Scenes\Level.h">
      <Filter>源代码\Scenes\Levels</Filter>
    </ClInclude>
    <ClInclude Include="Scenes\GameScene.h">
      <Filter>源代码\Scenes</Filter>
    </ClInclude>
    <ClInclude Include="Blocks\Blocks.h">
      <Filter>源代码\Blocks</Filter>
    </ClInclude>
    <ClInclude Include="BasicInclude.h">
      <Filter>源代码</Filter>
    </ClInclude>
    <ClInclude Include="TextRenderer\TextRenderer.h">
      <Filter>源代码\Renderer\TextRenderer</Filter>
    </ClInclude>
    <ClInclude Include="TextRenderer\MessageBox.h">
      <Filter>源代码\Renderer\TextRenderer\MessageBox</Filter>
    </ClInclude>
    <ClInclude Include="Player\Player.h">
      <Filter>源代码\Player</Filter>
    </ClInclude>
  </ItemGroup>
  <ItemGroup>
    <Image Include="res\Textures\Fonts\unicode\unicode_glyph_0.bmp">
      <Filter>资源文件\Textures\Fonts\Unicode</Filter>
    </Image>
    <Image Include="res\Textures\Fonts\unicode\unicode_glyph_1.bmp">
      <Filter>资源文件\Textures\Fonts\Unicode</Filter>
    </Image>
    <Image Include="res\Textures\Fonts\unicode\unicode_glyph_2.bmp">
      <Filter>资源文件\Textures\Fonts\Unicode</Filter>
    </Image>
    <Image Include="res\Textures\Fonts\unicode\unicode_glyph_3.bmp">
      <Filter>资源文件\Textures\Fonts\Unicode</Filter>
    </Image>
    <Image Include="res\Textures\Fonts\unicode\unicode_glyph_4.bmp">
      <Filter>资源文件\Textures\Fonts\Unicode</Filter>
    </Image>
    <Image Include="res\Textures\Fonts\unicode\unicode_glyph_5.bmp">
      <Filter>资源文件\Textures\Fonts\Unicode</Filter>
    </Image>
    <Image Include="res\Textures\Fonts\unicode\unicode_glyph_6.bmp">
      <Filter>资源文件\Textures\Fonts\Unicode</Filter>
    </Image>
    <Image Include="res\Textures\Fonts\unicode\unicode_glyph_7.bmp">
      <Filter>资源文件\Textures\Fonts\Unicode</Filter>
    </Image>
    <Image Include="res\Textures\Fonts\unicode\unicode_glyph_8.bmp">
      <Filter>资源文件\Textures\Fonts\Unicode</Filter>
    </Image>
    <Image Include="res\Textures\Fonts\unicode\unicode_glyph_9.bmp">
      <Filter>资源文件\Textures\Fonts\Unicode</Filter>
    </Image>
    <Image Include="res\Textures\Fonts\unicode\unicode_glyph_10.bmp">
      <Filter>资源文件\Textures\Fonts\Unicode</Filter>
    </Image>
    <Image Include="res\Textures\Fonts\unicode\unicode_glyph_11.bmp">
      <Filter>资源文件\Textures\Fonts\Unicode</Filter>
    </Image>
    <Image Include="res\Textures\Fonts\unicode\unicode_glyph_12.bmp">
      <Filter>资源文件\Textures\Fonts\Unicode</Filter>
    </Image>
    <Image Include="res\Textures\Fonts\unicode\unicode_glyph_13.bmp">
      <Filter>资源文件\Textures\Fonts\Unicode</Filter>
    </Image>
    <Image Include="res\Textures\Fonts\unicode\unicode_glyph_14.bmp">
      <Filter>资源文件\Textures\Fonts\Unicode</Filter>
    </Image>
    <Image Include="res\Textures\Fonts\unicode\unicode_glyph_15.bmp">
      <Filter>资源文件\Textures\Fonts\Unicode</Filter>
    </Image>
    <Image Include="res\Textures\Fonts\unicode\unicode_glyph_16.bmp">
      <Filter>资源文件\Textures\Fonts\Unicode</Filter>
    </Image>
    <Image Include="res\Textures\Fonts\unicode\unicode_glyph_17.bmp">
      <Filter>资源文件\Textures\Fonts\Unicode</Filter>
    </Image>
    <Image Include="res\Textures\Fonts\unicode\unicode_glyph_18.bmp">
      <Filter>资源文件\Textures\Fonts\Unicode</Filter>
    </Image>
    <Image Include="res\Textures\Fonts\unicode\unicode_glyph_19.bmp">
      <Filter>资源文件\Textures\Fonts\Unicode</Filter>
    </Image>
    <Image Include="res\Textures\Fonts\unicode\unicode_glyph_20.bmp">
      <Filter>资源文件\Textures\Fonts\Unicode</Filter>
    </Image>
    <Image Include="res\Textures\Fonts\unicode\unicode_glyph_21.bmp">
      <Filter>资源文件\Textures\Fonts\Unicode</Filter>
    </Image>
    <Image Include="res\Textures\Fonts\unicode\unicode_glyph_22.bmp">
      <Filter>资源文件\Textures\Fonts\Unicode</Filter>
    </Image>
    <Image Include="res\Textures\Fonts\unicode\unicode_glyph_23.bmp">
      <Filter>资源文件\Textures\Fonts\Unicode</Filter>
    </Image>
    <Image Include="res\Textures\Fonts\unicode\unicode_glyph_24.bmp">
      <Filter>资源文件\Textures\Fonts\Unicode</Filter>
    </Image>
    <Image Include="res\Textures\Fonts\unicode\unicode_glyph_25.bmp">
      <Filter>资源文件\Textures\Fonts\Unicode</Filter>
    </Image>
    <Image Include="res\Textures\Fonts\unicode\unicode_glyph_26.bmp">
      <Filter>资源文件\Textures\Fonts\Unicode</Filter>
    </Image>
    <Image Include="res\Textures\Fonts\unicode\unicode_glyph_27.bmp">
      <Filter>资源文件\Textures\Fonts\Unicode</Filter>
    </Image>
    <Image Include="res\Textures\Fonts\unicode\unicode_glyph_28.bmp">
      <Filter>资源文件\Textures\Fonts\Unicode</Filter>
    </Image>
    <Image Include="res\Textures\Fonts\unicode\unicode_glyph_29.bmp">
      <Filter>资源文件\Textures\Fonts\Unicode</Filter>
    </Image>
    <Image Include="res\Textures\Fonts\unicode\unicode_glyph_30.bmp">
      <Filter>资源文件\Textures\Fonts\Unicode</Filter>
    </Image>
    <Image Include="res\Textures\Fonts\unicode\unicode_glyph_31.bmp">
      <Filter>资源文件\Textures\Fonts\Unicode</Filter>
    </Image>
    <Image Include="res\Textures\Fonts\unicode\unicode_glyph_32.bmp">
      <Filter>资源文件\Textures\Fonts\Unicode</Filter>
    </Image>
    <Image Include="res\Textures\Fonts\unicode\unicode_glyph_33.bmp">
      <Filter>资源文件\Textures\Fonts\Unicode</Filter>
    </Image>
    <Image Include="res\Textures\Fonts\unicode\unicode_glyph_34.bmp">
      <Filter>资源文件\Textures\Fonts\Unicode</Filter>
    </Image>
    <Image Include="res\Textures\Fonts\unicode\unicode_glyph_35.bmp">
      <Filter>资源文件\Textures\Fonts\Unicode</Filter>
    </Image>
    <Image Include="res\Textures\Fonts\unicode\unicode_glyph_36.bmp">
      <Filter>资源文件\Textures\Fonts\Unicode</Filter>
    </Image>
    <Image Include="res\Textures\Fonts\unicode\unicode_glyph_37.bmp">
      <Filter>资源文件\Textures\Fonts\Unicode</Filter>
    </Image>
    <Image Include="res\Textures\Fonts\unicode\unicode_glyph_38.bmp">
      <Filter>资源文件\Textures\Fonts\Unicode</Filter>
    </Image>
    <Image Include="res\Textures\Fonts\unicode\unicode_glyph_39.bmp">
      <Filter>资源文件\Textures\Fonts\Unicode</Filter>
    </Image>
    <Image Include="res\Textures\Fonts\unicode\unicode_glyph_40.bmp">
      <Filter>资源文件\Textures\Fonts\Unicode</Filter>
    </Image>
    <Image Include="res\Textures\Fonts\unicode\unicode_glyph_41.bmp">
      <Filter>资源文件\Textures\Fonts\Unicode</Filter>
    </Image>
    <Image Include="res\Textures\Fonts\unicode\unicode_glyph_42.bmp">
      <Filter>资源文件\Textures\Fonts\Unicode</Filter>
    </Image>
    <Image Include="res\Textures\Fonts\unicode\unicode_glyph_43.bmp">
      <Filter>资源文件\Textures\Fonts\Unicode</Filter>
    </Image>
    <Image Include="res\Textures\Fonts\unicode\unicode_glyph_44.bmp">
      <Filter>资源文件\Textures\Fonts\Unicode</Filter>
    </Image>
    <Image Include="res\Textures\Fonts\unicode\unicode_glyph_45.bmp">
      <Filter>资源文件\Textures\Fonts\Unicode</Filter>
    </Image>
    <Image Include="res\Textures\Fonts\unicode\unicode_glyph_46.bmp">
      <Filter>资源文件\Textures\Fonts\Unicode</Filter>
    </Image>
    <Image Include="res\Textures\Fonts\unicode\unicode_glyph_47.bmp">
      <Filter>资源文件\Textures\Fonts\Unicode</Filter>
    </Image>
    <Image Include="res\Textures\Fonts\unicode\unicode_glyph_48.bmp">
      <Filter>资源文件\Textures\Fonts\Unicode</Filter>
    </Image>
    <Image Include="res\Textures\Fonts\unicode\unicode_glyph_49.bmp">
      <Filter>资源文件\Textures\Fonts\Unicode</Filter>
    </Image>
    <Image Include="res\Textures\Fonts\unicode\unicode_glyph_50.bmp">
      <Filter>资源文件\Textures\Fonts\Unicode</Filter>
    </Image>
    <Image Include="res\Textures\Fonts\unicode\unicode_glyph_51.bmp">
      <Filter>资源文件\Textures\Fonts\Unicode</Filter>
    </Image>
    <Image Include="res\Textures\Fonts\unicode\unicode_glyph_52.bmp">
      <Filter>资源文件\Textures\Fonts\Unicode</Filter>
    </Image>
    <Image Include="res\Textures\Fonts\unicode\unicode_glyph_53.bmp">
      <Filter>资源文件\Textures\Fonts\Unicode</Filter>
    </Image>
    <Image Include="res\Textures\Fonts\unicode\unicode_glyph_54.bmp">
      <Filter>资源文件\Textures\Fonts\Unicode</Filter>
    </Image>
    <Image Include="res\Textures\Fonts\unicode\unicode_glyph_55.bmp">
      <Filter>资源文件\Textures\Fonts\Unicode</Filter>
    </Image>
    <Image Include="res\Textures\Fonts\unicode\unicode_glyph_56.bmp">
      <Filter>资源文件\Textures\Fonts\Unicode</Filter>
    </Image>
    <Image Include="res\Textures\Fonts\unicode\unicode_glyph_57.bmp">
      <Filter>资源文件\Textures\Fonts\Unicode</Filter>
    </Image>
    <Image Include="res\Textures\Fonts\unicode\unicode_glyph_58.bmp">
      <Filter>资源文件\Textures\Fonts\Unicode</Filter>
    </Image>
    <Image Include="res\Textures\Fonts\unicode\unicode_glyph_59.bmp">
      <Filter>资源文件\Textures\Fonts\Unicode</Filter>
    </Image>
    <Image Include="res\Textures\Fonts\unicode\unicode_glyph_60.bmp">
      <Filter>资源文件\Textures\Fonts\Unicode</Filter>
    </Image>
    <Image Include="res\Textures\Fonts\unicode\unicode_glyph_61.bmp">
      <Filter>资源文件\Textures\Fonts\Unicode</Filter>
    </Image>
    <Image Include="res\Textures\Fonts\unicode\unicode_glyph_62.bmp">
      <Filter>资源文件\Textures\Fonts\Unicode</Filter>
    </Image>
    <Image Include="res\Textures\Fonts\unicode\unicode_glyph_63.bmp">
      <Filter>资源文件\Textures\Fonts\Unicode</Filter>
    </Image>
    <Image Include="res\Textures\Fonts\unicode\unicode_glyph_64.bmp">
      <Filter>资源文件\Textures\Fonts\Unicode</Filter>
    </Image>
    <Image Include="res\Textures\Fonts\unicode\unicode_glyph_65.bmp">
      <Filter>资源文件\Textures\Fonts\Unicode</Filter>
    </Image>
    <Image Include="res\Textures\Fonts\unicode\unicode_glyph_66.bmp">
      <Filter>资源文件\Textures\Fonts\Unicode</Filter>
    </Image>
    <Image Include="res\Textures\Fonts\unicode\unicode_glyph_67.bmp">
      <Filter>资源文件\Textures\Fonts\Unicode</Filter>
    </Image>
    <Image Include="res\Textures\Fonts\unicode\unicode_glyph_68.bmp">
      <Filter>资源文件\Textures\Fonts\Unicode</Filter>
    </Image>
    <Image Include="res\Textures\Fonts\unicode\unicode_glyph_69.bmp">
      <Filter>资源文件\Textures\Fonts\Unicode</Filter>
    </Image>
    <Image Include="res\Textures\Fonts\unicode\unicode_glyph_70.bmp">
      <Filter>资源文件\Textures\Fonts\Unicode</Filter>
    </Image>
    <Image Include="res\Textures\Fonts\unicode\unicode_glyph_71.bmp">
      <Filter>资源文件\Textures\Fonts\Unicode</Filter>
    </Image>
    <Image Include="res\Textures\Fonts\unicode\unicode_glyph_72.bmp">
      <Filter>资源文件\Textures\Fonts\Unicode</Filter>
    </Image>
    <Image Include="res\Textures\Fonts\unicode\unicode_glyph_73.bmp">
      <Filter>资源文件\Textures\Fonts\Unicode</Filter>
    </Image>
    <Image Include="res\Textures\Fonts\unicode\unicode_glyph_74.bmp">
      <Filter>资源文件\Textures\Fonts\Unicode</Filter>
    </Image>
    <Image Include="res\Textures\Fonts\unicode\unicode_glyph_75.bmp">
      <Filter>资源文件\Textures\Fonts\Unicode</Filter>
    </Image>
    <Image Include="res\Textures\Fonts\unicode\unicode_glyph_76.bmp">
      <Filter>资源文件\Textures\Fonts\Unicode</Filter>
    </Image>
    <Image Include="res\Textures\Fonts\unicode\unicode_glyph_77.bmp">
      <Filter>资源文件\Textures\Fonts\Unicode</Filter>
    </Image>
    <Image Include="res\Textures\Fonts\unicode\unicode_glyph_78.bmp">
      <Filter>资源文件\Textures\Fonts\Unicode</Filter>
    </Image>
    <Image Include="res\Textures\Fonts\unicode\unicode_glyph_79.bmp">
      <Filter>资源文件\Textures\Fonts\Unicode</Filter>
    </Image>
    <Image Include="res\Textures\Fonts\unicode\unicode_glyph_80.bmp">
      <Filter>资源文件\Textures\Fonts\Unicode</Filter>
    </Image>
    <Image Include="res\Textures\Fonts\unicode\unicode_glyph_81.bmp">
      <Filter>资源文件\Textures\Fonts\Unicode</Filter>
    </Image>
    <Image Include="res\Textures\Fonts\unicode\unicode_glyph_82.bmp">
      <Filter>资源文件\Textures\Fonts\Unicode</Filter>
    </Image>
    <Image Include="res\Textures\Fonts\unicode\unicode_glyph_83.bmp">
      <Filter>资源文件\Textures\Fonts\Unicode</Filter>
    </Image>
    <Image Include="res\Textures\Fonts\unicode\unicode_glyph_84.bmp">
      <Filter>资源文件\Textures\Fonts\Unicode</Filter>
    </Image>
    <Image Include="res\Textures\Fonts\unicode\unicode_glyph_85.bmp">
      <Filter>资源文件\Textures\Fonts\Unicode</Filter>
    </Image>
    <Image Include="res\Textures\Fonts\unicode\unicode_glyph_86.bmp">
      <Filter>资源文件\Textures\Fonts\Unicode</Filter>
    </Image>
    <Image Include="res\Textures\Fonts\unicode\unicode_glyph_87.bmp">
      <Filter>资源文件\Textures\Fonts\Unicode</Filter>
    </Image>
    <Image Include="res\Textures\Fonts\unicode\unicode_glyph_88.bmp">
      <Filter>资源文件\Textures\Fonts\Unicode</Filter>
    </Image>
    <Image Include="res\Textures\Fonts\unicode\unicode_glyph_89.bmp">
      <Filter>资源文件\Textures\Fonts\Unicode</Filter>
    </Image>
    <Image Include="res\Textures\Fonts\unicode\unicode_glyph_90.bmp">
      <Filter>资源文件\Textures\Fonts\Unicode</Filter>
    </Image>
    <Image Include="res\Textures\Fonts\unicode\unicode_glyph_91.bmp">
      <Filter>资源文件\Textures\Fonts\Unicode</Filter>
    </Image>
    <Image Include="res\Textures\Fonts\unicode\unicode_glyph_92.bmp">
      <Filter>资源文件\Textures\Fonts\Unicode</Filter>
    </Image>
    <Image Include="res\Textures\Fonts\unicode\unicode_glyph_93.bmp">
      <Filter>资源文件\Textures\Fonts\Unicode</Filter>
    </Image>
    <Image Include="res\Textures\Fonts\unicode\unicode_glyph_94.bmp">
      <Filter>资源文件\Textures\Fonts\Unicode</Filter>
    </Image>
    <Image Include="res\Textures\Fonts\unicode\unicode_glyph_95.bmp">
      <Filter>资源文件\Textures\Fonts\Unicode</Filter>
    </Image>
    <Image Include="res\Textures\Fonts\unicode\unicode_glyph_96.bmp">
      <Filter>资源文件\Textures\Fonts\Unicode</Filter>
    </Image>
    <Image Include="res\Textures\Fonts\unicode\unicode_glyph_97.bmp">
      <Filter>资源文件\Textures\Fonts\Unicode</Filter>
    </Image>
    <Image Include="res\Textures\Fonts\unicode\unicode_glyph_98.bmp">
      <Filter>资源文件\Textures\Fonts\Unicode</Filter>
    </Image>
    <Image Include="res\Textures\Fonts\unicode\unicode_glyph_99.bmp">
      <Filter>资源文件\Textures\Fonts\Unicode</Filter>
    </Image>
    <Image Include="res\Textures\Fonts\unicode\unicode_glyph_100.bmp">
      <Filter>资源文件\Textures\Fonts\Unicode</Filter>
    </Image>
    <Image Include="res\Textures\Fonts\unicode\unicode_glyph_101.bmp">
      <Filter>资源文件\Textures\Fonts\Unicode</Filter>
    </Image>
    <Image Include="res\Textures\Fonts\unicode\unicode_glyph_102.bmp">
      <Filter>资源文件\Textures\Fonts\Unicode</Filter>
    </Image>
    <Image Include="res\Textures\Fonts\unicode\unicode_glyph_103.bmp">
      <Filter>资源文件\Textures\Fonts\Unicode</Filter>
    </Image>
    <Image Include="res\Textures\Fonts\unicode\unicode_glyph_104.bmp">
      <Filter>资源文件\Textures\Fonts\Unicode</Filter>
    </Image>
    <Image Include="res\Textures\Fonts\unicode\unicode_glyph_105.bmp">
      <Filter>资源文件\Textures\Fonts\Unicode</Filter>
    </Image>
    <Image Include="res\Textures\Fonts\unicode\unicode_glyph_106.bmp">
      <Filter>资源文件\Textures\Fonts\Unicode</Filter>
    </Image>
    <Image Include="res\Textures\Fonts\unicode\unicode_glyph_107.bmp">
      <Filter>资源文件\Textures\Fonts\Unicode</Filter>
    </Image>
    <Image Include="res\Textures\Fonts\unicode\unicode_glyph_108.bmp">
      <Filter>资源文件\Textures\Fonts\Unicode</Filter>
    </Image>
    <Image Include="res\Textures\Fonts\unicode\unicode_glyph_109.bmp">
      <Filter>资源文件\Textures\Fonts\Unicode</Filter>
    </Image>
    <Image Include="res\Textures\Fonts\unicode\unicode_glyph_110.bmp">
      <Filter>资源文件\Textures\Fonts\Unicode</Filter>
    </Image>
    <Image Include="res\Textures\Fonts\unicode\unicode_glyph_111.bmp">
      <Filter>资源文件\Textures\Fonts\Unicode</Filter>
    </Image>
    <Image Include="res\Textures\Fonts\unicode\unicode_glyph_112.bmp">
      <Filter>资源文件\Textures\Fonts\Unicode</Filter>
    </Image>
    <Image Include="res\Textures\Fonts\unicode\unicode_glyph_113.bmp">
      <Filter>资源文件\Textures\Fonts\Unicode</Filter>
    </Image>
    <Image Include="res\Textures\Fonts\unicode\unicode_glyph_114.bmp">
      <Filter>资源文件\Textures\Fonts\Unicode</Filter>
    </Image>
    <Image Include="res\Textures\Fonts\unicode\unicode_glyph_115.bmp">
      <Filter>资源文件\Textures\Fonts\Unicode</Filter>
    </Image>
    <Image Include="res\Textures\Fonts\unicode\unicode_glyph_116.bmp">
      <Filter>资源文件\Textures\Fonts\Unicode</Filter>
    </Image>
    <Image Include="res\Textures\Fonts\unicode\unicode_glyph_117.bmp">
      <Filter>资源文件\Textures\Fonts\Unicode</Filter>
    </Image>
    <Image Include="res\Textures\Fonts\unicode\unicode_glyph_118.bmp">
      <Filter>资源文件\Textures\Fonts\Unicode</Filter>
    </Image>
    <Image Include="res\Textures\Fonts\unicode\unicode_glyph_119.bmp">
      <Filter>资源文件\Textures\Fonts\Unicode</Filter>
    </Image>
    <Image Include="res\Textures\Fonts\unicode\unicode_glyph_120.bmp">
      <Filter>资源文件\Textures\Fonts\Unicode</Filter>
    </Image>
    <Image Include="res\Textures\Fonts\unicode\unicode_glyph_121.bmp">
      <Filter>资源文件\Textures\Fonts\Unicode</Filter>
    </Image>
    <Image Include="res\Textures\Fonts\unicode\unicode_glyph_122.bmp">
      <Filter>资源文件\Textures\Fonts\Unicode</Filter>
    </Image>
    <Image Include="res\Textures\Fonts\unicode\unicode_glyph_123.bmp">
      <Filter>资源文件\Textures\Fonts\Unicode</Filter>
    </Image>
    <Image Include="res\Textures\Fonts\unicode\unicode_glyph_124.bmp">
      <Filter>资源文件\Textures\Fonts\Unicode</Filter>
    </Image>
    <Image Include="res\Textures\Fonts\unicode\unicode_glyph_125.bmp">
      <Filter>资源文件\Textures\Fonts\Unicode</Filter>
    </Image>
    <Image Include="res\Textures\Fonts\unicode\unicode_glyph_126.bmp">
      <Filter>资源文件\Textures\Fonts\Unicode</Filter>
    </Image>
    <Image Include="res\Textures\Fonts\unicode\unicode_glyph_127.bmp">
      <Filter>资源文件\Textures\Fonts\Unicode</Filter>
    </Image>
    <Image Include="res\Textures\Fonts\unicode\unicode_glyph_128.bmp">
      <Filter>资源文件\Textures\Fonts\Unicode</Filter>
    </Image>
    <Image Include="res\Textures\Fonts\unicode\unicode_glyph_129.bmp">
      <Filter>资源文件\Textures\Fonts\Unicode</Filter>
    </Image>
    <Image Include="res\Textures\Fonts\unicode\unicode_glyph_130.bmp">
      <Filter>资源文件\Textures\Fonts\Unicode</Filter>
    </Image>
    <Image Include="res\Textures\Fonts\unicode\unicode_glyph_131.bmp">
      <Filter>资源文件\Textures\Fonts\Unicode</Filter>
    </Image>
    <Image Include="res\Textures\Fonts\unicode\unicode_glyph_132.bmp">
      <Filter>资源文件\Textures\Fonts\Unicode</Filter>
    </Image>
    <Image Include="res\Textures\Fonts\unicode\unicode_glyph_133.bmp">
      <Filter>资源文件\Textures\Fonts\Unicode</Filter>
    </Image>
    <Image Include="res\Textures\Fonts\unicode\unicode_glyph_134.bmp">
      <Filter>资源文件\Textures\Fonts\Unicode</Filter>
    </Image>
    <Image Include="res\Textures\Fonts\unicode\unicode_glyph_135.bmp">
      <Filter>资源文件\Textures\Fonts\Unicode</Filter>
    </Image>
    <Image Include="res\Textures\Fonts\unicode\unicode_glyph_136.bmp">
      <Filter>资源文件\Textures\Fonts\Unicode</Filter>
    </Image>
    <Image Include="res\Textures\Fonts\unicode\unicode_glyph_137.bmp">
      <Filter>资源文件\Textures\Fonts\Unicode</Filter>
    </Image>
    <Image Include="res\Textures\Fonts\unicode\unicode_glyph_138.bmp">
      <Filter>资源文件\Textures\Fonts\Unicode</Filter>
    </Image>
    <Image Include="res\Textures\Fonts\unicode\unicode_glyph_139.bmp">
      <Filter>资源文件\Textures\Fonts\Unicode</Filter>
    </Image>
    <Image Include="res\Textures\Fonts\unicode\unicode_glyph_140.bmp">
      <Filter>资源文件\Textures\Fonts\Unicode</Filter>
    </Image>
    <Image Include="res\Textures\Fonts\unicode\unicode_glyph_141.bmp">
      <Filter>资源文件\Textures\Fonts\Unicode</Filter>
    </Image>
    <Image Include="res\Textures\Fonts\unicode\unicode_glyph_142.bmp">
      <Filter>资源文件\Textures\Fonts\Unicode</Filter>
    </Image>
    <Image Include="res\Textures\Fonts\unicode\unicode_glyph_143.bmp">
      <Filter>资源文件\Textures\Fonts\Unicode</Filter>
    </Image>
    <Image Include="res\Textures\Fonts\unicode\unicode_glyph_144.bmp">
      <Filter>资源文件\Textures\Fonts\Unicode</Filter>
    </Image>
    <Image Include="res\Textures\Fonts\unicode\unicode_glyph_145.bmp">
      <Filter>资源文件\Textures\Fonts\Unicode</Filter>
    </Image>
    <Image Include="res\Textures\Fonts\unicode\unicode_glyph_146.bmp">
      <Filter>资源文件\Textures\Fonts\Unicode</Filter>
    </Image>
    <Image Include="res\Textures\Fonts\unicode\unicode_glyph_147.bmp">
      <Filter>资源文件\Textures\Fonts\Unicode</Filter>
    </Image>
    <Image Include="res\Textures\Fonts\unicode\unicode_glyph_148.bmp">
      <Filter>资源文件\Textures\Fonts\Unicode</Filter>
    </Image>
    <Image Include="res\Textures\Fonts\unicode\unicode_glyph_149.bmp">
      <Filter>资源文件\Textures\Fonts\Unicode</Filter>
    </Image>
    <Image Include="res\Textures\Fonts\unicode\unicode_glyph_150.bmp">
      <Filter>资源文件\Textures\Fonts\Unicode</Filter>
    </Image>
    <Image Include="res\Textures\Fonts\unicode\unicode_glyph_151.bmp">
      <Filter>资源文件\Textures\Fonts\Unicode</Filter>
    </Image>
    <Image Include="res\Textures\Fonts\unicode\unicode_glyph_152.bmp">
      <Filter>资源文件\Textures\Fonts\Unicode</Filter>
    </Image>
    <Image Include="res\Textures\Fonts\unicode\unicode_glyph_153.bmp">
      <Filter>资源文件\Textures\Fonts\Unicode</Filter>
    </Image>
    <Image Include="res\Textures\Fonts\unicode\unicode_glyph_154.bmp">
      <Filter>资源文件\Textures\Fonts\Unicode</Filter>
    </Image>
    <Image Include="res\Textures\Fonts\unicode\unicode_glyph_155.bmp">
      <Filter>资源文件\Textures\Fonts\Unicode</Filter>
    </Image>
    <Image Include="res\Textures\Fonts\unicode\unicode_glyph_156.bmp">
      <Filter>资源文件\Textures\Fonts\Unicode</Filter>
    </Image>
    <Image Include="res\Textures\Fonts\unicode\unicode_glyph_157.bmp">
      <Filter>资源文件\Textures\Fonts\Unicode</Filter>
    </Image>
    <Image Include="res\Textures\Fonts\unicode\unicode_glyph_158.bmp">
      <Filter>资源文件\Textures\Fonts\Unicode</Filter>
    </Image>
    <Image Include="res\Textures\Fonts\unicode\unicode_glyph_159.bmp">
      <Filter>资源文件\Textures\Fonts\Unicode</Filter>
    </Image>
    <Image Include="res\Textures\Fonts\unicode\unicode_glyph_160.bmp">
      <Filter>资源文件\Textures\Fonts\Unicode</Filter>
    </Image>
    <Image Include="res\Textures\Fonts\unicode\unicode_glyph_161.bmp">
      <Filter>资源文件\Textures\Fonts\Unicode</Filter>
    </Image>
    <Image Include="res\Textures\Fonts\unicode\unicode_glyph_162.bmp">
      <Filter>资源文件\Textures\Fonts\Unicode</Filter>
    </Image>
    <Image Include="res\Textures\Fonts\unicode\unicode_glyph_163.bmp">
      <Filter>资源文件\Textures\Fonts\Unicode</Filter>
    </Image>
    <Image Include="res\Textures\Fonts\unicode\unicode_glyph_164.bmp">
      <Filter>资源文件\Textures\Fonts\Unicode</Filter>
    </Image>
    <Image Include="res\Textures\Fonts\unicode\unicode_glyph_165.bmp">
      <Filter>资源文件\Textures\Fonts\Unicode</Filter>
    </Image>
    <Image Include="res\Textures\Fonts\unicode\unicode_glyph_166.bmp">
      <Filter>资源文件\Textures\Fonts\Unicode</Filter>
    </Image>
    <Image Include="res\Textures\Fonts\unicode\unicode_glyph_167.bmp">
      <Filter>资源文件\Textures\Fonts\Unicode</Filter>
    </Image>
    <Image Include="res\Textures\Fonts\unicode\unicode_glyph_168.bmp">
      <Filter>资源文件\Textures\Fonts\Unicode</Filter>
    </Image>
    <Image Include="res\Textures\Fonts\unicode\unicode_glyph_169.bmp">
      <Filter>资源文件\Textures\Fonts\Unicode</Filter>
    </Image>
    <Image Include="res\Textures\Fonts\unicode\unicode_glyph_170.bmp">
      <Filter>资源文件\Textures\Fonts\Unicode</Filter>
    </Image>
    <Image Include="res\Textures\Fonts\unicode\unicode_glyph_171.bmp">
      <Filter>资源文件\Textures\Fonts\Unicode</Filter>
    </Image>
    <Image Include="res\Textures\Fonts\unicode\unicode_glyph_172.bmp">
      <Filter>资源文件\Textures\Fonts\Unicode</Filter>
    </Image>
    <Image Include="res\Textures\Fonts\unicode\unicode_glyph_173.bmp">
      <Filter>资源文件\Textures\Fonts\Unicode</Filter>
    </Image>
    <Image Include="res\Textures\Fonts\unicode\unicode_glyph_174.bmp">
      <Filter>资源文件\Textures\Fonts\Unicode</Filter>
    </Image>
    <Image Include="res\Textures\Fonts\unicode\unicode_glyph_175.bmp">
      <Filter>资源文件\Textures\Fonts\Unicode</Filter>
    </Image>
    <Image Include="res\Textures\Fonts\unicode\unicode_glyph_176.bmp">
      <Filter>资源文件\Textures\Fonts\Unicode</Filter>
    </Image>
    <Image Include="res\Textures\Fonts\unicode\unicode_glyph_177.bmp">
      <Filter>资源文件\Textures\Fonts\Unicode</Filter>
    </Image>
    <Image Include="res\Textures\Fonts\unicode\unicode_glyph_178.bmp">
      <Filter>资源文件\Textures\Fonts\Unicode</Filter>
    </Image>
    <Image Include="res\Textures\Fonts\unicode\unicode_glyph_179.bmp">
      <Filter>资源文件\Textures\Fonts\Unicode</Filter>
    </Image>
    <Image Include="res\Textures\Fonts\unicode\unicode_glyph_180.bmp">
      <Filter>资源文件\Textures\Fonts\Unicode</Filter>
    </Image>
    <Image Include="res\Textures\Fonts\unicode\unicode_glyph_181.bmp">
      <Filter>资源文件\Textures\Fonts\Unicode</Filter>
    </Image>
    <Image Include="res\Textures\Fonts\unicode\unicode_glyph_182.bmp">
      <Filter>资源文件\Textures\Fonts\Unicode</Filter>
    </Image>
    <Image Include="res\Textures\Fonts\unicode\unicode_glyph_183.bmp">
      <Filter>资源文件\Textures\Fonts\Unicode</Filter>
    </Image>
    <Image Include="res\Textures\Fonts\unicode\unicode_glyph_184.bmp">
      <Filter>资源文件\Textures\Fonts\Unicode</Filter>
    </Image>
    <Image Include="res\Textures\Fonts\unicode\unicode_glyph_185.bmp">
      <Filter>资源文件\Textures\Fonts\Unicode</Filter>
    </Image>
    <Image Include="res\Textures\Fonts\unicode\unicode_glyph_186.bmp">
      <Filter>资源文件\Textures\Fonts\Unicode</Filter>
    </Image>
    <Image Include="res\Textures\Fonts\unicode\unicode_glyph_187.bmp">
      <Filter>资源文件\Textures\Fonts\Unicode</Filter>
    </Image>
    <Image Include="res\Textures\Fonts\unicode\unicode_glyph_188.bmp">
      <Filter>资源文件\Textures\Fonts\Unicode</Filter>
    </Image>
    <Image Include="res\Textures\Fonts\unicode\unicode_glyph_189.bmp">
      <Filter>资源文件\Textures\Fonts\Unicode</Filter>
    </Image>
    <Image Include="res\Textures\Fonts\unicode\unicode_glyph_190.bmp">
      <Filter>资源文件\Textures\Fonts\Unicode</Filter>
    </Image>
    <Image Include="res\Textures\Fonts\unicode\unicode_glyph_191.bmp">
      <Filter>资源文件\Textures\Fonts\Unicode</Filter>
    </Image>
    <Image Include="res\Textures\Fonts\unicode\unicode_glyph_192.bmp">
      <Filter>资源文件\Textures\Fonts\Unicode</Filter>
    </Image>
    <Image Include="res\Textures\Fonts\unicode\unicode_glyph_193.bmp">
      <Filter>资源文件\Textures\Fonts\Unicode</Filter>
    </Image>
    <Image Include="res\Textures\Fonts\unicode\unicode_glyph_194.bmp">
      <Filter>资源文件\Textures\Fonts\Unicode</Filter>
    </Image>
    <Image Include="res\Textures\Fonts\unicode\unicode_glyph_195.bmp">
      <Filter>资源文件\Textures\Fonts\Unicode</Filter>
    </Image>
    <Image Include="res\Textures\Fonts\unicode\unicode_glyph_196.bmp">
      <Filter>资源文件\Textures\Fonts\Unicode</Filter>
    </Image>
    <Image Include="res\Textures\Fonts\unicode\unicode_glyph_197.bmp">
      <Filter>资源文件\Textures\Fonts\Unicode</Filter>
    </Image>
    <Image Include="res\Textures\Fonts\unicode\unicode_glyph_198.bmp">
      <Filter>资源文件\Textures\Fonts\Unicode</Filter>
    </Image>
    <Image Include="res\Textures\Fonts\unicode\unicode_glyph_199.bmp">
      <Filter>资源文件\Textures\Fonts\Unicode</Filter>
    </Image>
    <Image Include="res\Textures\Fonts\unicode\unicode_glyph_200.bmp">
      <Filter>资源文件\Textures\Fonts\Unicode</Filter>
    </Image>
    <Image Include="res\Textures\Fonts\unicode\unicode_glyph_201.bmp">
      <Filter>资源文件\Textures\Fonts\Unicode</Filter>
    </Image>
    <Image Include="res\Textures\Fonts\unicode\unicode_glyph_202.bmp">
      <Filter>资源文件\Textures\Fonts\Unicode</Filter>
    </Image>
    <Image Include="res\Textures\Fonts\unicode\unicode_glyph_203.bmp">
      <Filter>资源文件\Textures\Fonts\Unicode</Filter>
    </Image>
    <Image Include="res\Textures\Fonts\unicode\unicode_glyph_204.bmp">
      <Filter>资源文件\Textures\Fonts\Unicode</Filter>
    </Image>
    <Image Include="res\Textures\Fonts\unicode\unicode_glyph_205.bmp">
      <Filter>资源文件\Textures\Fonts\Unicode</Filter>
    </Image>
    <Image Include="res\Textures\Fonts\unicode\unicode_glyph_206.bmp">
      <Filter>资源文件\Textures\Fonts\Unicode</Filter>
    </Image>
    <Image Include="res\Textures\Fonts\unicode\unicode_glyph_207.bmp">
      <Filter>资源文件\Textures\Fonts\Unicode</Filter>
    </Image>
    <Image Include="res\Textures\Fonts\unicode\unicode_glyph_208.bmp">
      <Filter>资源文件\Textures\Fonts\Unicode</Filter>
    </Image>
    <Image Include="res\Textures\Fonts\unicode\unicode_glyph_209.bmp">
      <Filter>资源文件\Textures\Fonts\Unicode</Filter>
    </Image>
    <Image Include="res\Textures\Fonts\unicode\unicode_glyph_210.bmp">
      <Filter>资源文件\Textures\Fonts\Unicode</Filter>
    </Image>
    <Image Include="res\Textures\Fonts\unicode\unicode_glyph_211.bmp">
      <Filter>资源文件\Textures\Fonts\Unicode</Filter>
    </Image>
    <Image Include="res\Textures\Fonts\unicode\unicode_glyph_212.bmp">
      <Filter>资源文件\Textures\Fonts\Unicode</Filter>
    </Image>
    <Image Include="res\Textures\Fonts\unicode\unicode_glyph_213.bmp">
      <Filter>资源文件\Textures\Fonts\Unicode</Filter>
    </Image>
    <Image Include="res\Textures\Fonts\unicode\unicode_glyph_214.bmp">
      <Filter>资源文件\Textures\Fonts\Unicode</Filter>
    </Image>
    <Image Include="res\Textures\Fonts\unicode\unicode_glyph_215.bmp">
      <Filter>资源文件\Textures\Fonts\Unicode</Filter>
    </Image>
    <Image Include="res\Textures\Fonts\unicode\unicode_glyph_216.bmp">
      <Filter>资源文件\Textures\Fonts\Unicode</Filter>
    </Image>
    <Image Include="res\Textures\Fonts\unicode\unicode_glyph_217.bmp">
      <Filter>资源文件\Textures\Fonts\Unicode</Filter>
    </Image>
    <Image Include="res\Textures\Fonts\unicode\unicode_glyph_218.bmp">
      <Filter>资源文件\Textures\Fonts\Unicode</Filter>
    </Image>
    <Image Include="res\Textures\Fonts\unicode\unicode_glyph_219.bmp">
      <Filter>资源文件\Textures\Fonts\Unicode</Filter>
    </Image>
    <Image Include="res\Textures\Fonts\unicode\unicode_glyph_220.bmp">
      <Filter>资源文件\Textures\Fonts\Unicode</Filter>
    </Image>
    <Image Include="res\Textures\Fonts\unicode\unicode_glyph_221.bmp">
      <Filter>资源文件\Textures\Fonts\Unicode</Filter>
    </Image>
    <Image Include="res\Textures\Fonts\unicode\unicode_glyph_222.bmp">
      <Filter>资源文件\Textures\Fonts\Unicode</Filter>
    </Image>
    <Image Include="res\Textures\Fonts\unicode\unicode_glyph_223.bmp">
      <Filter>资源文件\Textures\Fonts\Unicode</Filter>
    </Image>
    <Image Include="res\Textures\Fonts\unicode\unicode_glyph_224.bmp">
      <Filter>资源文件\Textures\Fonts\Unicode</Filter>
    </Image>
    <Image Include="res\Textures\Fonts\unicode\unicode_glyph_225.bmp">
      <Filter>资源文件\Textures\Fonts\Unicode</Filter>
    </Image>
    <Image Include="res\Textures\Fonts\unicode\unicode_glyph_226.bmp">
      <Filter>资源文件\Textures\Fonts\Unicode</Filter>
    </Image>
    <Image Include="res\Textures\Fonts\unicode\unicode_glyph_227.bmp">
      <Filter>资源文件\Textures\Fonts\Unicode</Filter>
    </Image>
    <Image Include="res\Textures\Fonts\unicode\unicode_glyph_228.bmp">
      <Filter>资源文件\Textures\Fonts\Unicode</Filter>
    </Image>
    <Image Include="res\Textures\Fonts\unicode\unicode_glyph_229.bmp">
      <Filter>资源文件\Textures\Fonts\Unicode</Filter>
    </Image>
    <Image Include="res\Textures\Fonts\unicode\unicode_glyph_230.bmp">
      <Filter>资源文件\Textures\Fonts\Unicode</Filter>
    </Image>
    <Image Include="res\Textures\Fonts\unicode\unicode_glyph_231.bmp">
      <Filter>资源文件\Textures\Fonts\Unicode</Filter>
    </Image>
    <Image Include="res\Textures\Fonts\unicode\unicode_glyph_232.bmp">
      <Filter>资源文件\Textures\Fonts\Unicode</Filter>
    </Image>
    <Image Include="res\Textures\Fonts\unicode\unicode_glyph_233.bmp">
      <Filter>资源文件\Textures\Fonts\Unicode</Filter>
    </Image>
    <Image Include="res\Textures\Fonts\unicode\unicode_glyph_234.bmp">
      <Filter>资源文件\Textures\Fonts\Unicode</Filter>
    </Image>
    <Image Include="res\Textures\Fonts\unicode\unicode_glyph_235.bmp">
      <Filter>资源文件\Textures\Fonts\Unicode</Filter>
    </Image>
    <Image Include="res\Textures\Fonts\unicode\unicode_glyph_236.bmp">
      <Filter>资源文件\Textures\Fonts\Unicode</Filter>
    </Image>
    <Image Include="res\Textures\Fonts\unicode\unicode_glyph_237.bmp">
      <Filter>资源文件\Textures\Fonts\Unicode</Filter>
    </Image>
    <Image Include="res\Textures\Fonts\unicode\unicode_glyph_238.bmp">
      <Filter>资源文件\Textures\Fonts\Unicode</Filter>
    </Image>
    <Image Include="res\Textures\Fonts\unicode\unicode_glyph_239.bmp">
      <Filter>资源文件\Textures\Fonts\Unicode</Filter>
    </Image>
    <Image Include="res\Textures\Fonts\unicode\unicode_glyph_240.bmp">
      <Filter>资源文件\Textures\Fonts\Unicode</Filter>
    </Image>
    <Image Include="res\Textures\Fonts\unicode\unicode_glyph_241.bmp">
      <Filter>资源文件\Textures\Fonts\Unicode</Filter>
    </Image>
    <Image Include="res\Textures\Fonts\unicode\unicode_glyph_242.bmp">
      <Filter>资源文件\Textures\Fonts\Unicode</Filter>
    </Image>
    <Image Include="res\Textures\Fonts\unicode\unicode_glyph_243.bmp">
      <Filter>资源文件\Textures\Fonts\Unicode</Filter>
    </Image>
    <Image Include="res\Textures\Fonts\unicode\unicode_glyph_244.bmp">
      <Filter>资源文件\Textures\Fonts\Unicode</Filter>
    </Image>
    <Image Include="res\Textures\Fonts\unicode\unicode_glyph_245.bmp">
      <Filter>资源文件\Textures\Fonts\Unicode</Filter>
    </Image>
    <Image Include="res\Textures\Fonts\unicode\unicode_glyph_246.bmp">
      <Filter>资源文件\Textures\Fonts\Unicode</Filter>
    </Image>
    <Image Include="res\Textures\Fonts\unicode\unicode_glyph_247.bmp">
      <Filter>资源文件\Textures\Fonts\Unicode</Filter>
    </Image>
    <Image Include="res\Textures\Fonts\unicode\unicode_glyph_248.bmp">
      <Filter>资源文件\Textures\Fonts\Unicode</Filter>
    </Image>
    <Image Include="res\Textures\Fonts\unicode\unicode_glyph_249.bmp">
      <Filter>资源文件\Textures\Fonts\Unicode</Filter>
    </Image>
    <Image Include="res\Textures\Fonts\unicode\unicode_glyph_250.bmp">
      <Filter>资源文件\Textures\Fonts\Unicode</Filter>
    </Image>
    <Image Include="res\Textures\Fonts\unicode\unicode_glyph_251.bmp">
      <Filter>资源文件\Textures\Fonts\Unicode</Filter>
    </Image>
    <Image Include="res\Textures\Fonts\unicode\unicode_glyph_252.bmp">
      <Filter>资源文件\Textures\Fonts\Unicode</Filter>
    </Image>
    <Image Include="res\Textures\Fonts\unicode\unicode_glyph_253.bmp">
      <Filter>资源文件\Textures\Fonts\Unicode</Filter>
    </Image>
    <Image Include="res\Textures\Fonts\unicode\unicode_glyph_254.bmp">
      <Filter>资源文件\Textures\Fonts\Unicode</Filter>
    </Image>
    <Image Include="res\Textures\Fonts\unicode\unicode_glyph_255.bmp">
      <Filter>资源文件\Textures\Fonts\Unicode</Filter>
    </Image>
    <Image Include="res\Textures\Fonts\ASCII.bmp">
      <Filter>资源文件\Textures\Fonts</Filter>
    </Image>
    <Image Include="res\Textures\GUI\MainMenu.bmp">
      <Filter>资源文件\Textures\GUI</Filter>
    </Image>
    <Image Include="res\Textures\GUI\title.bmp">
      <Filter>资源文件\Textures\GUI</Filter>
    </Image>
    <Image Include="res\Textures\GUI\titlemask.bmp">
      <Filter>资源文件\Textures\GUI</Filter>
    </Image>
    <Image Include="res\Textures\Blocks\ground.bmp">
      <Filter>资源文件\Textures\Blocks</Filter>
    </Image>
    <Image Include="res\Textures\Blocks\wall.bmp">
      <Filter>资源文件\Textures\Blocks</Filter>
    </Image>
  </ItemGroup>
</Project>